
Microsoft Visual Studio Solution File, Format Version 12.00
# Visual Studio Version 16
VisualStudioVersion = 16.0.30907.101
MinimumVisualStudioVersion = 10.0.40219.1
Project("{2150E333-8FDC-42A3-9474-1A3956D46DE8}") = "Application", "Application", "{3D21AF5D-0D32-4247-99F5-390FE590A436}"
EndProject
Project("{2150E333-8FDC-42A3-9474-1A3956D46DE8}") = "Domain", "Domain", "{3BF312CC-3DED-4364-9A2D-470CE2A73D55}"
EndProject
Project("{2150E333-8FDC-42A3-9474-1A3956D46DE8}") = "Infra.IoC", "Infra.IoC", "{D6A04DD3-9944-445E-807F-0F758FF9D414}"
EndProject
Project("{2150E333-8FDC-42A3-9474-1A3956D46DE8}") = "Infra.Data", "Infra.Data", "{AEB5C925-4595-4761-929D-296004E7819C}"
EndProject
Project("{2150E333-8FDC-42A3-9474-1A3956D46DE8}") = "Presentation", "Presentation", "{068BF630-52C0-4DD8-9829-1A5A9646E91C}"
EndProject
Project("{9A19103F-16F7-4668-BE54-9A1E7A4F7556}") = "CleanArch.Mvc", "CleanArch.Mvc\CleanArch.Mvc.csproj", "{EAD9C93F-612C-41FF-AF5F-E8718BD647E2}"
EndProject
Project("{9A19103F-16F7-4668-BE54-9A1E7A4F7556}") = "CleanArch.Domain", "CleanArch.Domain\CleanArch.Domain.csproj", "{1CBB6E33-E2C4-4413-A058-42808E7A4371}"
EndProject
Project("{9A19103F-16F7-4668-BE54-9A1E7A4F7556}") = "CleanArch.Infra.Data", "CleanArch.Infra.Data\CleanArch.Infra.Data.csproj", "{FF145272-D843-4CE9-B0C8-BC149CC8C521}"
EndProject
Project("{FAE04EC0-301F-11D3-BF4B-00C04F79EFBC}") = "CleanArch.Application", "CleanArch.Application\CleanArch.Application.csproj", "{513A48BA-FAAC-4E44-8854-4E191167D52E}"
EndProject
Project("{FAE04EC0-301F-11D3-BF4B-00C04F79EFBC}") = "CleanArch.Infra.IoC", "CleanArch.Infra.IoC\CleanArch.Infra.IoC.csproj", "{1CECFD5E-F428-4A8C-A2F8-95099A73A860}"
EndProject
Global
	GlobalSection(SolutionConfigurationPlatforms) = preSolution
		Debug|Any CPU = Debug|Any CPU
		Release|Any CPU = Release|Any CPU
	EndGlobalSection
	GlobalSection(ProjectConfigurationPlatforms) = postSolution
		{EAD9C93F-612C-41FF-AF5F-E8718BD647E2}.Debug|Any CPU.ActiveCfg = Debug|Any CPU
		{EAD9C93F-612C-41FF-AF5F-E8718BD647E2}.Debug|Any CPU.Build.0 = Debug|Any CPU
		{EAD9C93F-612C-41FF-AF5F-E8718BD647E2}.Release|Any CPU.ActiveCfg = Release|Any CPU
		{EAD9C93F-612C-41FF-AF5F-E8718BD647E2}.Release|Any CPU.Build.0 = Release|Any CPU
		{1CBB6E33-E2C4-4413-A058-42808E7A4371}.Debug|Any CPU.ActiveCfg = Debug|Any CPU
		{1CBB6E33-E2C4-4413-A058-42808E7A4371}.Debug|Any CPU.Build.0 = Debug|Any CPU
		{1CBB6E33-E2C4-4413-A058-42808E7A4371}.Release|Any CPU.ActiveCfg = Release|Any CPU
		{1CBB6E33-E2C4-4413-A058-42808E7A4371}.Release|Any CPU.Build.0 = Release|Any CPU
		{FF145272-D843-4CE9-B0C8-BC149CC8C521}.Debug|Any CPU.ActiveCfg = Debug|Any CPU
		{FF145272-D843-4CE9-B0C8-BC149CC8C521}.Debug|Any CPU.Build.0 = Debug|Any CPU
		{FF145272-D843-4CE9-B0C8-BC149CC8C521}.Release|Any CPU.ActiveCfg = Release|Any CPU
		{FF145272-D843-4CE9-B0C8-BC149CC8C521}.Release|Any CPU.Build.0 = Release|Any CPU
		{513A48BA-FAAC-4E44-8854-4E191167D52E}.Debug|Any CPU.ActiveCfg = Debug|Any CPU
		{513A48BA-FAAC-4E44-8854-4E191167D52E}.Debug|Any CPU.Build.0 = Debug|Any CPU
		{513A48BA-FAAC-4E44-8854-4E191167D52E}.Release|Any CPU.ActiveCfg = Release|Any CPU
		{513A48BA-FAAC-4E44-8854-4E191167D52E}.Release|Any CPU.Build.0 = Release|Any CPU
		{1CECFD5E-F428-4A8C-A2F8-95099A73A860}.Debug|Any CPU.ActiveCfg = Debug|Any CPU
		{1CECFD5E-F428-4A8C-A2F8-95099A73A860}.Debug|Any CPU.Build.0 = Debug|Any CPU
		{1CECFD5E-F428-4A8C-A2F8-95099A73A860}.Release|Any CPU.ActiveCfg = Release|Any CPU
		{1CECFD5E-F428-4A8C-A2F8-95099A73A860}.Release|Any CPU.Build.0 = Release|Any CPU
	EndGlobalSection
	GlobalSection(SolutionProperties) = preSolution
		HideSolutionNode = FALSE
	EndGlobalSection
	GlobalSection(NestedProjects) = preSolution
		{EAD9C93F-612C-41FF-AF5F-E8718BD647E2} = {068BF630-52C0-4DD8-9829-1A5A9646E91C}
		{1CBB6E33-E2C4-4413-A058-42808E7A4371} = {3BF312CC-3DED-4364-9A2D-470CE2A73D55}
		{FF145272-D843-4CE9-B0C8-BC149CC8C521} = {AEB5C925-4595-4761-929D-296004E7819C}
		{513A48BA-FAAC-4E44-8854-4E191167D52E} = {3D21AF5D-0D32-4247-99F5-390FE590A436}
		{1CECFD5E-F428-4A8C-A2F8-95099A73A860} = {D6A04DD3-9944-445E-807F-0F758FF9D414}
	EndGlobalSection
	GlobalSection(ExtensibilityGlobals) = postSolution
		SolutionGuid = {040F9F40-EC9C-4924-BAED-526462448488}
	EndGlobalSection
EndGlobal
