
Microsoft Visual Studio Solution File, Format Version 12.00
# Visual Studio Version 16
VisualStudioVersion = 16.0.30907.101
MinimumVisualStudioVersion = 10.0.40219.1
Project("{2150E333-8FDC-42A3-9474-1A3956D46DE8}") = "CleanArch.Application", "CleanArch.Application", "{3D21AF5D-0D32-4247-99F5-390FE590A436}"
EndProject
Project("{2150E333-8FDC-42A3-9474-1A3956D46DE8}") = "CleanArch.Domain", "CleanArch.Domain", "{3BF312CC-3DED-4364-9A2D-470CE2A73D55}"
EndProject
Project("{2150E333-8FDC-42A3-9474-1A3956D46DE8}") = "CleanArch.Infra.IoC", "CleanArch.Infra.IoC", "{D6A04DD3-9944-445E-807F-0F758FF9D414}"
EndProject
Project("{2150E333-8FDC-42A3-9474-1A3956D46DE8}") = "CleanArch.Infra.Data", "CleanArch.Infra.Data", "{AEB5C925-4595-4761-929D-296004E7819C}"
EndProject
Project("{2150E333-8FDC-42A3-9474-1A3956D46DE8}") = "CleanArch.UI.Mvc", "CleanArch.UI.Mvc", "{068BF630-52C0-4DD8-9829-1A5A9646E91C}"
EndProject
Project("{FAE04EC0-301F-11D3-BF4B-00C04F79EFBC}") = "CleanArch.Mvc", "CleanArch.Mvc\CleanArch.Mvc.csproj", "{EAD9C93F-612C-41FF-AF5F-E8718BD647E2}"
EndProject
Global
	GlobalSection(SolutionConfigurationPlatforms) = preSolution
		Debug|Any CPU = Debug|Any CPU
		Release|Any CPU = Release|Any CPU
	EndGlobalSection
	GlobalSection(ProjectConfigurationPlatforms) = postSolution
		{EAD9C93F-612C-41FF-AF5F-E8718BD647E2}.Debug|Any CPU.ActiveCfg = Debug|Any CPU
		{EAD9C93F-612C-41FF-AF5F-E8718BD647E2}.Debug|Any CPU.Build.0 = Debug|Any CPU
		{EAD9C93F-612C-41FF-AF5F-E8718BD647E2}.Release|Any CPU.ActiveCfg = Release|Any CPU
		{EAD9C93F-612C-41FF-AF5F-E8718BD647E2}.Release|Any CPU.Build.0 = Release|Any CPU
	EndGlobalSection
	GlobalSection(SolutionProperties) = preSolution
		HideSolutionNode = FALSE
	EndGlobalSection
	GlobalSection(NestedProjects) = preSolution
		{EAD9C93F-612C-41FF-AF5F-E8718BD647E2} = {068BF630-52C0-4DD8-9829-1A5A9646E91C}
	EndGlobalSection
	GlobalSection(ExtensibilityGlobals) = postSolution
		SolutionGuid = {040F9F40-EC9C-4924-BAED-526462448488}
	EndGlobalSection
EndGlobal
